
Microsoft Visual Studio Solution File, Format Version 12.00
Project("{FAE04EC0-301F-11D3-BF4B-00C04F79EFBC}") = "Presentation", "Presentation\Presentation.csproj", "{5D46154F-BC42-4F3C-B394-8FF0209A6390}"
EndProject
Project("{2150E333-8FDC-42A3-9474-1A3956D46DE8}") = "Solution Items", "Solution Items", "{56965B67-F7A3-4EC9-B016-6B02F1749CA5}"
	ProjectSection(SolutionItems) = preProject
		Dockerfile = Dockerfile
		.dockerignore = .dockerignore
	EndProjectSection
EndProject
Project("{FAE04EC0-301F-11D3-BF4B-00C04F79EFBC}") = "Application", "Application\Application.csproj", "{7FCF5E8D-036F-4668-9BF6-A408BC291F35}"
EndProject
Project("{FAE04EC0-301F-11D3-BF4B-00C04F79EFBC}") = "Domain", "Domain\Domain.csproj", "{1A4025BB-EFCC-4DE7-BF46-A8FAEE387577}"
EndProject
Project("{FAE04EC0-301F-11D3-BF4B-00C04F79EFBC}") = "Infrastructure", "Infrastructure\Infrastructure.csproj", "{97FB634F-6B95-4837-85DB-1B43DDFBC56C}"
EndProject
Global
	GlobalSection(SolutionConfigurationPlatforms) = preSolution
		Debug|Any CPU = Debug|Any CPU
		Release|Any CPU = Release|Any CPU
	EndGlobalSection
	GlobalSection(ProjectConfigurationPlatforms) = postSolution
		{5D46154F-BC42-4F3C-B394-8FF0209A6390}.Debug|Any CPU.ActiveCfg = Debug|Any CPU
		{5D46154F-BC42-4F3C-B394-8FF0209A6390}.Debug|Any CPU.Build.0 = Debug|Any CPU
		{5D46154F-BC42-4F3C-B394-8FF0209A6390}.Release|Any CPU.ActiveCfg = Release|Any CPU
		{5D46154F-BC42-4F3C-B394-8FF0209A6390}.Release|Any CPU.Build.0 = Release|Any CPU
		{7FCF5E8D-036F-4668-9BF6-A408BC291F35}.Debug|Any CPU.ActiveCfg = Debug|Any CPU
		{7FCF5E8D-036F-4668-9BF6-A408BC291F35}.Debug|Any CPU.Build.0 = Debug|Any CPU
		{7FCF5E8D-036F-4668-9BF6-A408BC291F35}.Release|Any CPU.ActiveCfg = Release|Any CPU
		{7FCF5E8D-036F-4668-9BF6-A408BC291F35}.Release|Any CPU.Build.0 = Release|Any CPU
		{1A4025BB-EFCC-4DE7-BF46-A8FAEE387577}.Debug|Any CPU.ActiveCfg = Debug|Any CPU
		{1A4025BB-EFCC-4DE7-BF46-A8FAEE387577}.Debug|Any CPU.Build.0 = Debug|Any CPU
		{1A4025BB-EFCC-4DE7-BF46-A8FAEE387577}.Release|Any CPU.ActiveCfg = Release|Any CPU
		{1A4025BB-EFCC-4DE7-BF46-A8FAEE387577}.Release|Any CPU.Build.0 = Release|Any CPU
		{97FB634F-6B95-4837-85DB-1B43DDFBC56C}.Debug|Any CPU.ActiveCfg = Debug|Any CPU
		{97FB634F-6B95-4837-85DB-1B43DDFBC56C}.Debug|Any CPU.Build.0 = Debug|Any CPU
		{97FB634F-6B95-4837-85DB-1B43DDFBC56C}.Release|Any CPU.ActiveCfg = Release|Any CPU
		{97FB634F-6B95-4837-85DB-1B43DDFBC56C}.Release|Any CPU.Build.0 = Release|Any CPU
	EndGlobalSection
EndGlobal
